
Microsoft Visual Studio Solution File, Format Version 12.00
# Visual Studio 15
VisualStudioVersion = 15.0.27130.2027
MinimumVisualStudioVersion = 10.0.40219.1
Project("{FAE04EC0-301F-11D3-BF4B-00C04F79EFBC}") = "website", "website\website.csproj", "{98C0F27D-C84A-40E3-9D98-049AE42361F4}"
EndProject
Project("{FAE04EC0-301F-11D3-BF4B-00C04F79EFBC}") = "api", "api\api.csproj", "{E95F2B96-595C-4374-A8C9-DC6BDAF2F2C0}"
EndProject
Global
	GlobalSection(SolutionConfigurationPlatforms) = preSolution
		Debug|Any CPU = Debug|Any CPU
		Release|Any CPU = Release|Any CPU
	EndGlobalSection
	GlobalSection(ProjectConfigurationPlatforms) = postSolution
		{98C0F27D-C84A-40E3-9D98-049AE42361F4}.Debug|Any CPU.ActiveCfg = Debug|Any CPU
		{98C0F27D-C84A-40E3-9D98-049AE42361F4}.Debug|Any CPU.Build.0 = Debug|Any CPU
		{98C0F27D-C84A-40E3-9D98-049AE42361F4}.Release|Any CPU.ActiveCfg = Release|Any CPU
		{98C0F27D-C84A-40E3-9D98-049AE42361F4}.Release|Any CPU.Build.0 = Release|Any CPU
		{E95F2B96-595C-4374-A8C9-DC6BDAF2F2C0}.Debug|Any CPU.ActiveCfg = Debug|Any CPU
		{E95F2B96-595C-4374-A8C9-DC6BDAF2F2C0}.Debug|Any CPU.Build.0 = Debug|Any CPU
		{E95F2B96-595C-4374-A8C9-DC6BDAF2F2C0}.Release|Any CPU.ActiveCfg = Release|Any CPU
		{E95F2B96-595C-4374-A8C9-DC6BDAF2F2C0}.Release|Any CPU.Build.0 = Release|Any CPU
	EndGlobalSection
	GlobalSection(SolutionProperties) = preSolution
		HideSolutionNode = FALSE
	EndGlobalSection
	GlobalSection(ExtensibilityGlobals) = postSolution
		SolutionGuid = {A5507AC6-6ED9-4A44-B2CF-80C63B5AC712}
	EndGlobalSection
EndGlobal
